
Microsoft Visual Studio Solution File, Format Version 12.00
# Visual Studio Version 17
VisualStudioVersion = 17.4.33403.182
MinimumVisualStudioVersion = 10.0.40219.1
Project("{9A19103F-16F7-4668-BE54-9A1E7A4F7556}") = "ChengHan", "ChengHan.csproj", "{C3BD754B-9D93-48AF-98CB-7CCB3158E11B}"
EndProject
Project("{FAE04EC0-301F-11D3-BF4B-00C04F79EFBC}") = "AddReader", "..\AddReader\AddReader.csproj", "{3AF3B7BC-0800-4E40-8590-6DFCCFC74D10}"
EndProject
Global
	GlobalSection(SolutionConfigurationPlatforms) = preSolution
		Debug|Any CPU = Debug|Any CPU
		Release|Any CPU = Release|Any CPU
	EndGlobalSection
	GlobalSection(ProjectConfigurationPlatforms) = postSolution
		{C3BD754B-9D93-48AF-98CB-7CCB3158E11B}.Debug|Any CPU.ActiveCfg = Debug|Any CPU
		{C3BD754B-9D93-48AF-98CB-7CCB3158E11B}.Debug|Any CPU.Build.0 = Debug|Any CPU
		{C3BD754B-9D93-48AF-98CB-7CCB3158E11B}.Release|Any CPU.ActiveCfg = Release|Any CPU
		{C3BD754B-9D93-48AF-98CB-7CCB3158E11B}.Release|Any CPU.Build.0 = Release|Any CPU
		{3AF3B7BC-0800-4E40-8590-6DFCCFC74D10}.Debug|Any CPU.ActiveCfg = Debug|Any CPU
		{3AF3B7BC-0800-4E40-8590-6DFCCFC74D10}.Debug|Any CPU.Build.0 = Debug|Any CPU
		{3AF3B7BC-0800-4E40-8590-6DFCCFC74D10}.Release|Any CPU.ActiveCfg = Release|Any CPU
		{3AF3B7BC-0800-4E40-8590-6DFCCFC74D10}.Release|Any CPU.Build.0 = Release|Any CPU
	EndGlobalSection
	GlobalSection(SolutionProperties) = preSolution
		HideSolutionNode = FALSE
	EndGlobalSection
	GlobalSection(ExtensibilityGlobals) = postSolution
		SolutionGuid = {EC985A4C-BE56-46D4-BBCC-02417B0F33F5}
	EndGlobalSection
EndGlobal
